# This is a Gradle generated file for dependency locking.
# Manual edits can break the build and are not advised.
# This file is expected to be part of source control.
com.github.spotbugs:spotbugs-annotations:4.9.8=spotbugs
com.github.spotbugs:spotbugs:4.9.8=spotbugs
com.github.stephenc.jcip:jcip-annotations:1.0-1=spotbugs
com.google.code.findbugs:jsr305:3.0.2=spotbugs
com.google.code.gson:gson:2.13.2=spotbugs
com.google.errorprone:error_prone_annotations:2.41.0=spotbugs
com.h3xstream.findsecbugs:findsecbugs-plugin:1.14.0=spotbugsPlugins
commons-io:commons-io:2.20.0=spotbugs
io.cucumber:ci-environment:12.0.0=acceptanceTestCompileClasspath
io.cucumber:cucumber-core:7.34.3=acceptanceTestCompileClasspath
io.cucumber:cucumber-expressions:18.1.0=acceptanceTestCompileClasspath
io.cucumber:cucumber-gherkin-messages:7.34.3=acceptanceTestCompileClasspath
io.cucumber:cucumber-gherkin:7.34.3=acceptanceTestCompileClasspath
io.cucumber:cucumber-java:7.34.3=acceptanceTestCompileClasspath
io.cucumber:cucumber-json-formatter:0.3.2=acceptanceTestCompileClasspath
io.cucumber:cucumber-junit-platform-engine:7.34.3=acceptanceTestCompileClasspath
io.cucumber:cucumber-plugin:7.34.3=acceptanceTestCompileClasspath
io.cucumber:datatable:7.34.3=acceptanceTestCompileClasspath
io.cucumber:docstring:7.34.3=acceptanceTestCompileClasspath
io.cucumber:gherkin:36.1.0=acceptanceTestCompileClasspath
io.cucumber:html-formatter:22.3.0=acceptanceTestCompileClasspath
io.cucumber:junit-xml-formatter:0.11.0=acceptanceTestCompileClasspath
io.cucumber:messages-ndjson:0.3.2=acceptanceTestCompileClasspath
io.cucumber:messages:30.1.0=acceptanceTestCompileClasspath
io.cucumber:pretty-formatter:2.4.1=acceptanceTestCompileClasspath
io.cucumber:query:14.7.0=acceptanceTestCompileClasspath
io.cucumber:tag-expressions:8.1.0=acceptanceTestCompileClasspath
io.cucumber:teamcity-formatter:0.2.0=acceptanceTestCompileClasspath
io.cucumber:testng-xml-formatter:0.7.0=acceptanceTestCompileClasspath
io.cucumber:usage-formatter:0.1.0=acceptanceTestCompileClasspath
jaxen:jaxen:2.0.0=spotbugs
net.jqwik:jqwik-api:1.9.3=propertyTestCompileClasspath
net.jqwik:jqwik-time:1.9.3=propertyTestCompileClasspath
net.jqwik:jqwik-web:1.9.3=propertyTestCompileClasspath
net.jqwik:jqwik:1.9.3=propertyTestCompileClasspath
net.sf.saxon:Saxon-HE:12.9=spotbugs
org.apache.bcel:bcel:6.11.0=spotbugs
org.apache.commons:commons-lang3:3.19.0=spotbugs
org.apache.commons:commons-text:1.14.0=spotbugs
org.apache.logging.log4j:log4j-api:2.25.2=spotbugs
org.apache.logging.log4j:log4j-core:2.25.2=spotbugs
org.apiguardian:apiguardian-api:1.1.2=acceptanceTestCompileClasspath,integrationTestCompileClasspath,propertyTestCompileClasspath,testCompileClasspath
org.dom4j:dom4j:2.2.0=spotbugs
org.junit.jupiter:junit-jupiter-api:5.13.4=integrationTestCompileClasspath,propertyTestCompileClasspath,testCompileClasspath,testRuntimeClasspath
org.junit.jupiter:junit-jupiter-api:5.14.2=acceptanceTestCompileClasspath
org.junit.jupiter:junit-jupiter-engine:5.13.4=testRuntimeClasspath
org.junit.jupiter:junit-jupiter-params:5.13.4=integrationTestCompileClasspath,propertyTestCompileClasspath,testCompileClasspath,testRuntimeClasspath
org.junit.jupiter:junit-jupiter-params:5.14.2=acceptanceTestCompileClasspath
org.junit.jupiter:junit-jupiter:5.13.4=integrationTestCompileClasspath,propertyTestCompileClasspath,testCompileClasspath,testRuntimeClasspath
org.junit.jupiter:junit-jupiter:5.14.2=acceptanceTestCompileClasspath
org.junit.platform:junit-platform-commons:1.13.4=integrationTestCompileClasspath,propertyTestCompileClasspath,testCompileClasspath,testRuntimeClasspath
org.junit.platform:junit-platform-commons:1.14.2=acceptanceTestCompileClasspath
org.junit.platform:junit-platform-engine:1.13.4=testRuntimeClasspath
org.junit.platform:junit-platform-engine:1.14.2=acceptanceTestCompileClasspath
org.junit.platform:junit-platform-launcher:1.13.4=testRuntimeClasspath
org.junit.platform:junit-platform-suite-api:1.14.2=acceptanceTestCompileClasspath
org.junit.platform:junit-platform-suite:1.14.2=acceptanceTestCompileClasspath
org.junit:junit-bom:5.13.4=integrationTestCompileClasspath,propertyTestCompileClasspath,testCompileClasspath,testRuntimeClasspath
org.junit:junit-bom:5.14.0=spotbugs
org.junit:junit-bom:5.14.2=acceptanceTestCompileClasspath
org.opentest4j:opentest4j:1.3.0=acceptanceTestCompileClasspath,integrationTestCompileClasspath,propertyTestCompileClasspath,testCompileClasspath,testRuntimeClasspath
org.ow2.asm:asm-analysis:9.9=spotbugs
org.ow2.asm:asm-commons:9.9=spotbugs
org.ow2.asm:asm-tree:9.9=spotbugs
org.ow2.asm:asm-util:9.9=spotbugs
org.ow2.asm:asm:9.9=spotbugs
org.slf4j:slf4j-api:2.0.17=spotbugs,spotbugsSlf4j
org.slf4j:slf4j-simple:2.0.17=spotbugsSlf4j
org.xmlresolver:xmlresolver:5.3.3=spotbugs
empty=acceptanceTestAnnotationProcessor,annotationProcessor,compileClasspath,integrationTestAnnotationProcessor,propertyTestAnnotationProcessor,runtimeClasspath,testAnnotationProcessor
